
Microsoft Visual Studio Solution File, Format Version 12.00
# Visual Studio Version 17
VisualStudioVersion = 17.0.31903.59
MinimumVisualStudioVersion = 10.0.40219.1
Project("{FAE04EC0-301F-11D3-BF4B-00C04F79EFBC}") = "SportsEquipmentStoreManagementApp", "SportsEquipmentStoreManagementApp.csproj", "{2E45CE2E-A7FC-4E60-8E91-74F2D245FB00}"
EndProject
Global
	GlobalSection(SolutionConfigurationPlatforms) = preSolution
		Debug|Any CPU = Debug|Any CPU
		Release|Any CPU = Release|Any CPU
	EndGlobalSection
	GlobalSection(ProjectConfigurationPlatforms) = postSolution
		{2E45CE2E-A7FC-4E60-8E91-74F2D245FB00}.Debug|Any CPU.ActiveCfg = Debug|Any CPU
		{2E45CE2E-A7FC-4E60-8E91-74F2D245FB00}.Debug|Any CPU.Build.0 = Debug|Any CPU
		{2E45CE2E-A7FC-4E60-8E91-74F2D245FB00}.Release|Any CPU.ActiveCfg = Release|Any CPU
		{2E45CE2E-A7FC-4E60-8E91-74F2D245FB00}.Release|Any CPU.Build.0 = Release|Any CPU
	EndGlobalSection
	GlobalSection(SolutionProperties) = preSolution
		HideSolutionNode = FALSE
	EndGlobalSection
	GlobalSection(ExtensibilityGlobals) = postSolution
		SolutionGuid = {B693CB9F-BC72-41DE-9BFB-5BE285EAA3DD}
	EndGlobalSection
EndGlobal
